
Microsoft Visual Studio Solution File, Format Version 12.00
# Visual Studio 15
VisualStudioVersion = 15.0.28307.2092
MinimumVisualStudioVersion = 10.0.40219.1
Project("{FAE04EC0-301F-11D3-BF4B-00C04F79EFBC}") = "Sistem_Bilgileri", "Sistem_Bilgileri\Sistem_Bilgileri.csproj", "{067DE2A8-E3C1-4A2F-A519-19B7267944A8}"
EndProject
Global
	GlobalSection(SolutionConfigurationPlatforms) = preSolution
		Debug|Any CPU = Debug|Any CPU
		Release|Any CPU = Release|Any CPU
	EndGlobalSection
	GlobalSection(ProjectConfigurationPlatforms) = postSolution
		{067DE2A8-E3C1-4A2F-A519-19B7267944A8}.Debug|Any CPU.ActiveCfg = Debug|Any CPU
		{067DE2A8-E3C1-4A2F-A519-19B7267944A8}.Debug|Any CPU.Build.0 = Debug|Any CPU
		{067DE2A8-E3C1-4A2F-A519-19B7267944A8}.Release|Any CPU.ActiveCfg = Release|Any CPU
		{067DE2A8-E3C1-4A2F-A519-19B7267944A8}.Release|Any CPU.Build.0 = Release|Any CPU
	EndGlobalSection
	GlobalSection(SolutionProperties) = preSolution
		HideSolutionNode = FALSE
	EndGlobalSection
	GlobalSection(ExtensibilityGlobals) = postSolution
		SolutionGuid = {8B821550-AAC4-4F1B-9D6D-F0A481CEDA41}
	EndGlobalSection
EndGlobal
